
Microsoft Visual Studio Solution File, Format Version 12.00
# Visual Studio Version 16
VisualStudioVersion = 16.0.31624.102
MinimumVisualStudioVersion = 10.0.40219.1
Project("{FAE04EC0-301F-11D3-BF4B-00C04F79EFBC}") = "CircleLab", "CircleLab\CircleLab.csproj", "{F59C6FB8-60E4-479E-ADFC-A11EF3D6DF67}"
EndProject
Global
	GlobalSection(SolutionConfigurationPlatforms) = preSolution
		Debug|Any CPU = Debug|Any CPU
		Release|Any CPU = Release|Any CPU
	EndGlobalSection
	GlobalSection(ProjectConfigurationPlatforms) = postSolution
		{F59C6FB8-60E4-479E-ADFC-A11EF3D6DF67}.Debug|Any CPU.ActiveCfg = Debug|Any CPU
		{F59C6FB8-60E4-479E-ADFC-A11EF3D6DF67}.Debug|Any CPU.Build.0 = Debug|Any CPU
		{F59C6FB8-60E4-479E-ADFC-A11EF3D6DF67}.Release|Any CPU.ActiveCfg = Release|Any CPU
		{F59C6FB8-60E4-479E-ADFC-A11EF3D6DF67}.Release|Any CPU.Build.0 = Release|Any CPU
	EndGlobalSection
	GlobalSection(SolutionProperties) = preSolution
		HideSolutionNode = FALSE
	EndGlobalSection
	GlobalSection(ExtensibilityGlobals) = postSolution
		SolutionGuid = {2E562FB6-72A0-477D-B90B-8EA1385286F3}
	EndGlobalSection
EndGlobal
